// !$*UTF8*$!
{
	archiveVersion = 1;
	classes = {
	};
	objectVersion = 48;
	objects = {

/* Begin PBXBuildFile section */
		1F48DA38208CC1D900A86CB8 /* Decorator.swift in Sources */ = {isa = PBXBuildFile; fileRef = 1F48DA37208CC1D900A86CB8 /* Decorator.swift */; };
		1F48DA3A208CC23700A86CB8 /* DecoratorTest.swift in Sources */ = {isa = PBXBuildFile; fileRef = 1F48DA39208CC23700A86CB8 /* DecoratorTest.swift */; };
		1F48DA3E208CC34200A86CB8 /* BaseNotification.swift in Sources */ = {isa = PBXBuildFile; fileRef = 1F48DA3D208CC34200A86CB8 /* BaseNotification.swift */; };
		1F48DA40208CC40F00A86CB8 /* DecoratorSMS.swift in Sources */ = {isa = PBXBuildFile; fileRef = 1F48DA3F208CC40F00A86CB8 /* DecoratorSMS.swift */; };
		1F48DA42208CC41F00A86CB8 /* DecoratorFacebook.swift in Sources */ = {isa = PBXBuildFile; fileRef = 1F48DA41208CC41F00A86CB8 /* DecoratorFacebook.swift */; };
		1F48DA44208CC43400A86CB8 /* DecoratorPush.swift in Sources */ = {isa = PBXBuildFile; fileRef = 1F48DA43208CC43300A86CB8 /* DecoratorPush.swift */; };
		1F48DA46208CC5CA00A86CB8 /* ConcreteNotification.swift in Sources */ = {isa = PBXBuildFile; fileRef = 1F48DA45208CC5CA00A86CB8 /* ConcreteNotification.swift */; };
		1F48DA61208CF26C00A86CB8 /* Mediator.swift in Sources */ = {isa = PBXBuildFile; fileRef = 1F48DA60208CF26C00A86CB8 /* Mediator.swift */; };
		1F48DA63208CF2D300A86CB8 /* ChatProtocol.swift in Sources */ = {isa = PBXBuildFile; fileRef = 1F48DA62208CF2D300A86CB8 /* ChatProtocol.swift */; };
		1F48DA65208CF32B00A86CB8 /* OneSubject.swift in Sources */ = {isa = PBXBuildFile; fileRef = 1F48DA64208CF32B00A86CB8 /* OneSubject.swift */; };
		1F48DA67208CF34100A86CB8 /* TwoSubject.swift in Sources */ = {isa = PBXBuildFile; fileRef = 1F48DA66208CF34100A86CB8 /* TwoSubject.swift */; };
		1F48DA69208CF4B300A86CB8 /* ChatMediator.swift in Sources */ = {isa = PBXBuildFile; fileRef = 1F48DA68208CF4B300A86CB8 /* ChatMediator.swift */; };
		1F48DA6B208CF5CD00A86CB8 /* ThreeObject.swift in Sources */ = {isa = PBXBuildFile; fileRef = 1F48DA6A208CF5CD00A86CB8 /* ThreeObject.swift */; };
		1F48DA6D208CF63500A86CB8 /* MediatorTest.swift in Sources */ = {isa = PBXBuildFile; fileRef = 1F48DA6C208CF63500A86CB8 /* MediatorTest.swift */; };
		1F7E196D206C090200AB8B2F /* Extensions.swift in Sources */ = {isa = PBXBuildFile; fileRef = 1F7E196C206C090200AB8B2F /* Extensions.swift */; };
		1F7E196F206C092000AB8B2F /* Comparison.swift in Sources */ = {isa = PBXBuildFile; fileRef = 1F7E196E206C092000AB8B2F /* Comparison.swift */; };
		1F7E1973206C0D8700AB8B2F /* Prototype.swift in Sources */ = {isa = PBXBuildFile; fileRef = 1F7E1972206C0D8700AB8B2F /* Prototype.swift */; };
		1F7E1975206C10BB00AB8B2F /* PrototypeTest.swift in Sources */ = {isa = PBXBuildFile; fileRef = 1F7E1974206C10BB00AB8B2F /* PrototypeTest.swift */; };
		1F7E1977206C133000AB8B2F /* Product.swift in Sources */ = {isa = PBXBuildFile; fileRef = 1F7E1976206C133000AB8B2F /* Product.swift */; };
		1F94DD6D20695464002024A3 /* main.swift in Sources */ = {isa = PBXBuildFile; fileRef = 1F94DD6C20695464002024A3 /* main.swift */; };
		1FFA6F11206954F000611D1F /* Singleton.swift in Sources */ = {isa = PBXBuildFile; fileRef = 1FFA6F10206954F000611D1F /* Singleton.swift */; };
		1FFA6F142069551300611D1F /* Testable.swift in Sources */ = {isa = PBXBuildFile; fileRef = 1FFA6F132069551300611D1F /* Testable.swift */; };
		1FFA6F172069554A00611D1F /* SingletonTest.swift in Sources */ = {isa = PBXBuildFile; fileRef = 1FFA6F162069554A00611D1F /* SingletonTest.swift */; };
/* End PBXBuildFile section */

/* Begin PBXCopyFilesBuildPhase section */
		1F94DD6720695463002024A3 /* CopyFiles */ = {
			isa = PBXCopyFilesBuildPhase;
			buildActionMask = 2147483647;
			dstPath = /usr/share/man/man1/;
			dstSubfolderSpec = 0;
			files = (
			);
			runOnlyForDeploymentPostprocessing = 1;
		};
/* End PBXCopyFilesBuildPhase section */

/* Begin PBXFileReference section */
		1F48DA37208CC1D900A86CB8 /* Decorator.swift */ = {isa = PBXFileReference; lastKnownFileType = sourcecode.swift; path = Decorator.swift; sourceTree = "<group>"; };
		1F48DA39208CC23700A86CB8 /* DecoratorTest.swift */ = {isa = PBXFileReference; lastKnownFileType = sourcecode.swift; path = DecoratorTest.swift; sourceTree = "<group>"; };
		1F48DA3D208CC34200A86CB8 /* BaseNotification.swift */ = {isa = PBXFileReference; lastKnownFileType = sourcecode.swift; path = BaseNotification.swift; sourceTree = "<group>"; };
		1F48DA3F208CC40F00A86CB8 /* DecoratorSMS.swift */ = {isa = PBXFileReference; lastKnownFileType = sourcecode.swift; path = DecoratorSMS.swift; sourceTree = "<group>"; };
		1F48DA41208CC41F00A86CB8 /* DecoratorFacebook.swift */ = {isa = PBXFileReference; lastKnownFileType = sourcecode.swift; path = DecoratorFacebook.swift; sourceTree = "<group>"; };
		1F48DA43208CC43300A86CB8 /* DecoratorPush.swift */ = {isa = PBXFileReference; lastKnownFileType = sourcecode.swift; path = DecoratorPush.swift; sourceTree = "<group>"; };
		1F48DA45208CC5CA00A86CB8 /* ConcreteNotification.swift */ = {isa = PBXFileReference; lastKnownFileType = sourcecode.swift; path = ConcreteNotification.swift; sourceTree = "<group>"; };
		1F48DA60208CF26C00A86CB8 /* Mediator.swift */ = {isa = PBXFileReference; lastKnownFileType = sourcecode.swift; path = Mediator.swift; sourceTree = "<group>"; };
		1F48DA62208CF2D300A86CB8 /* ChatProtocol.swift */ = {isa = PBXFileReference; lastKnownFileType = sourcecode.swift; path = ChatProtocol.swift; sourceTree = "<group>"; };
		1F48DA64208CF32B00A86CB8 /* OneSubject.swift */ = {isa = PBXFileReference; lastKnownFileType = sourcecode.swift; path = OneSubject.swift; sourceTree = "<group>"; };
		1F48DA66208CF34100A86CB8 /* TwoSubject.swift */ = {isa = PBXFileReference; lastKnownFileType = sourcecode.swift; path = TwoSubject.swift; sourceTree = "<group>"; };
		1F48DA68208CF4B300A86CB8 /* ChatMediator.swift */ = {isa = PBXFileReference; lastKnownFileType = sourcecode.swift; path = ChatMediator.swift; sourceTree = "<group>"; };
		1F48DA6A208CF5CD00A86CB8 /* ThreeObject.swift */ = {isa = PBXFileReference; lastKnownFileType = sourcecode.swift; path = ThreeObject.swift; sourceTree = "<group>"; };
		1F48DA6C208CF63500A86CB8 /* MediatorTest.swift */ = {isa = PBXFileReference; lastKnownFileType = sourcecode.swift; path = MediatorTest.swift; sourceTree = "<group>"; };
		1F7E196C206C090200AB8B2F /* Extensions.swift */ = {isa = PBXFileReference; lastKnownFileType = sourcecode.swift; path = Extensions.swift; sourceTree = "<group>"; };
		1F7E196E206C092000AB8B2F /* Comparison.swift */ = {isa = PBXFileReference; lastKnownFileType = sourcecode.swift; path = Comparison.swift; sourceTree = "<group>"; };
		1F7E1972206C0D8700AB8B2F /* Prototype.swift */ = {isa = PBXFileReference; lastKnownFileType = sourcecode.swift; path = Prototype.swift; sourceTree = "<group>"; };
		1F7E1974206C10BB00AB8B2F /* PrototypeTest.swift */ = {isa = PBXFileReference; lastKnownFileType = sourcecode.swift; path = PrototypeTest.swift; sourceTree = "<group>"; };
		1F7E1976206C133000AB8B2F /* Product.swift */ = {isa = PBXFileReference; lastKnownFileType = sourcecode.swift; path = Product.swift; sourceTree = "<group>"; };
		1F94DD6920695463002024A3 /* PatternDesign */ = {isa = PBXFileReference; explicitFileType = "compiled.mach-o.executable"; includeInIndex = 0; path = PatternDesign; sourceTree = BUILT_PRODUCTS_DIR; };
		1F94DD6C20695464002024A3 /* main.swift */ = {isa = PBXFileReference; lastKnownFileType = sourcecode.swift; path = main.swift; sourceTree = "<group>"; };
		1FFA6F10206954F000611D1F /* Singleton.swift */ = {isa = PBXFileReference; lastKnownFileType = sourcecode.swift; path = Singleton.swift; sourceTree = "<group>"; };
		1FFA6F132069551300611D1F /* Testable.swift */ = {isa = PBXFileReference; lastKnownFileType = sourcecode.swift; path = Testable.swift; sourceTree = "<group>"; };
		1FFA6F162069554A00611D1F /* SingletonTest.swift */ = {isa = PBXFileReference; lastKnownFileType = sourcecode.swift; path = SingletonTest.swift; sourceTree = "<group>"; };
/* End PBXFileReference section */

/* Begin PBXFrameworksBuildPhase section */
		1F94DD6620695463002024A3 /* Frameworks */ = {
			isa = PBXFrameworksBuildPhase;
			buildActionMask = 2147483647;
			files = (
			);
			runOnlyForDeploymentPostprocessing = 0;
		};
/* End PBXFrameworksBuildPhase section */

/* Begin PBXGroup section */
		1F48DA36208CC1BE00A86CB8 /* Decorator */ = {
			isa = PBXGroup;
			children = (
				1F48DA37208CC1D900A86CB8 /* Decorator.swift */,
				1F48DA39208CC23700A86CB8 /* DecoratorTest.swift */,
				1F48DA3D208CC34200A86CB8 /* BaseNotification.swift */,
				1F48DA3F208CC40F00A86CB8 /* DecoratorSMS.swift */,
				1F48DA41208CC41F00A86CB8 /* DecoratorFacebook.swift */,
				1F48DA43208CC43300A86CB8 /* DecoratorPush.swift */,
				1F48DA45208CC5CA00A86CB8 /* ConcreteNotification.swift */,
			);
			path = Decorator;
			sourceTree = "<group>";
		};
		1F48DA5F208CF22F00A86CB8 /* Mediator */ = {
			isa = PBXGroup;
			children = (
				1F48DA60208CF26C00A86CB8 /* Mediator.swift */,
				1F48DA62208CF2D300A86CB8 /* ChatProtocol.swift */,
				1F48DA64208CF32B00A86CB8 /* OneSubject.swift */,
				1F48DA66208CF34100A86CB8 /* TwoSubject.swift */,
				1F48DA6A208CF5CD00A86CB8 /* ThreeObject.swift */,
				1F48DA68208CF4B300A86CB8 /* ChatMediator.swift */,
				1F48DA6C208CF63500A86CB8 /* MediatorTest.swift */,
			);
			path = Mediator;
			sourceTree = "<group>";
		};
		1F6AAF5F2070E59200862956 /* Structural */ = {
			isa = PBXGroup;
			children = (
				1F48DA5F208CF22F00A86CB8 /* Mediator */,
				1F48DA36208CC1BE00A86CB8 /* Decorator */,
			);
			path = Structural;
			sourceTree = "<group>";
		};
		1F7E1970206C0C9C00AB8B2F /* Creational */ = {
			isa = PBXGroup;
			children = (
				1F7E1971206C0CA700AB8B2F /* Prototype */,
				1FFA6F0F2069548D00611D1F /* Singleton */,
			);
			path = Creational;
			sourceTree = "<group>";
		};
		1F7E1971206C0CA700AB8B2F /* Prototype */ = {
			isa = PBXGroup;
			children = (
				1F7E1972206C0D8700AB8B2F /* Prototype.swift */,
				1F7E1974206C10BB00AB8B2F /* PrototypeTest.swift */,
				1F7E1976206C133000AB8B2F /* Product.swift */,
			);
			path = Prototype;
			sourceTree = "<group>";
		};
		1F94DD6020695463002024A3 = {
			isa = PBXGroup;
			children = (
				1F94DD6B20695463002024A3 /* PatternDesign */,
				1F94DD6A20695463002024A3 /* Products */,
			);
			sourceTree = "<group>";
		};
		1F94DD6A20695463002024A3 /* Products */ = {
			isa = PBXGroup;
			children = (
				1F94DD6920695463002024A3 /* PatternDesign */,
			);
			name = Products;
			sourceTree = "<group>";
		};
		1F94DD6B20695463002024A3 /* PatternDesign */ = {
			isa = PBXGroup;
			children = (
				1F6AAF5F2070E59200862956 /* Structural */,
				1F7E1970206C0C9C00AB8B2F /* Creational */,
				1FFA6F12206954FB00611D1F /* Other */,
				1F94DD6C20695464002024A3 /* main.swift */,
			);
			path = PatternDesign;
			sourceTree = "<group>";
		};
		1FFA6F0F2069548D00611D1F /* Singleton */ = {
			isa = PBXGroup;
			children = (
				1FFA6F10206954F000611D1F /* Singleton.swift */,
				1FFA6F162069554A00611D1F /* SingletonTest.swift */,
			);
			path = Singleton;
			sourceTree = "<group>";
		};
		1FFA6F12206954FB00611D1F /* Other */ = {
			isa = PBXGroup;
			children = (
				1F7E196E206C092000AB8B2F /* Comparison.swift */,
				1FFA6F152069551700611D1F /* Protocols */,
			);
			path = Other;
			sourceTree = "<group>";
		};
		1FFA6F152069551700611D1F /* Protocols */ = {
			isa = PBXGroup;
			children = (
				1FFA6F132069551300611D1F /* Testable.swift */,
				1F7E196C206C090200AB8B2F /* Extensions.swift */,
			);
			path = Protocols;
			sourceTree = "<group>";
		};
/* End PBXGroup section */

/* Begin PBXNativeTarget section */
		1F94DD6820695463002024A3 /* PatternDesign */ = {
			isa = PBXNativeTarget;
			buildConfigurationList = 1F94DD7020695464002024A3 /* Build configuration list for PBXNativeTarget "PatternDesign" */;
			buildPhases = (
				1F94DD6520695463002024A3 /* Sources */,
				1F94DD6620695463002024A3 /* Frameworks */,
				1F94DD6720695463002024A3 /* CopyFiles */,
			);
			buildRules = (
			);
			dependencies = (
			);
			name = PatternDesign;
			productName = PatternDesign;
			productReference = 1F94DD6920695463002024A3 /* PatternDesign */;
			productType = "com.apple.product-type.tool";
		};
/* End PBXNativeTarget section */

/* Begin PBXProject section */
		1F94DD6120695463002024A3 /* Project object */ = {
			isa = PBXProject;
			attributes = {
				LastSwiftUpdateCheck = 0920;
				LastUpgradeCheck = 0920;
				ORGANIZATIONNAME = "Алексей";
				TargetAttributes = {
					1F94DD6820695463002024A3 = {
						CreatedOnToolsVersion = 9.2;
						ProvisioningStyle = Automatic;
					};
				};
			};
			buildConfigurationList = 1F94DD6420695463002024A3 /* Build configuration list for PBXProject "PatternDesign" */;
			compatibilityVersion = "Xcode 8.0";
			developmentRegion = en;
			hasScannedForEncodings = 0;
			knownRegions = (
				en,
			);
			mainGroup = 1F94DD6020695463002024A3;
			productRefGroup = 1F94DD6A20695463002024A3 /* Products */;
			projectDirPath = "";
			projectRoot = "";
			targets = (
				1F94DD6820695463002024A3 /* PatternDesign */,
			);
		};
/* End PBXProject section */

/* Begin PBXSourcesBuildPhase section */
		1F94DD6520695463002024A3 /* Sources */ = {
			isa = PBXSourcesBuildPhase;
			buildActionMask = 2147483647;
			files = (
				1F48DA61208CF26C00A86CB8 /* Mediator.swift in Sources */,
				1F48DA67208CF34100A86CB8 /* TwoSubject.swift in Sources */,
				1F7E196F206C092000AB8B2F /* Comparison.swift in Sources */,
				1F48DA63208CF2D300A86CB8 /* ChatProtocol.swift in Sources */,
				1F48DA44208CC43400A86CB8 /* DecoratorPush.swift in Sources */,
				1F48DA38208CC1D900A86CB8 /* Decorator.swift in Sources */,
				1F48DA3E208CC34200A86CB8 /* BaseNotification.swift in Sources */,
				1F48DA69208CF4B300A86CB8 /* ChatMediator.swift in Sources */,
				1F48DA65208CF32B00A86CB8 /* OneSubject.swift in Sources */,
				1F7E196D206C090200AB8B2F /* Extensions.swift in Sources */,
				1F7E1977206C133000AB8B2F /* Product.swift in Sources */,
				1F7E1973206C0D8700AB8B2F /* Prototype.swift in Sources */,
				1F94DD6D20695464002024A3 /* main.swift in Sources */,
				1F7E1975206C10BB00AB8B2F /* PrototypeTest.swift in Sources */,
				1F48DA42208CC41F00A86CB8 /* DecoratorFacebook.swift in Sources */,
				1FFA6F172069554A00611D1F /* SingletonTest.swift in Sources */,
				1F48DA6D208CF63500A86CB8 /* MediatorTest.swift in Sources */,
				1FFA6F11206954F000611D1F /* Singleton.swift in Sources */,
				1FFA6F142069551300611D1F /* Testable.swift in Sources */,
				1F48DA6B208CF5CD00A86CB8 /* ThreeObject.swift in Sources */,
				1F48DA3A208CC23700A86CB8 /* DecoratorTest.swift in Sources */,
				1F48DA40208CC40F00A86CB8 /* DecoratorSMS.swift in Sources */,
				1F48DA46208CC5CA00A86CB8 /* ConcreteNotification.swift in Sources */,
			);
			runOnlyForDeploymentPostprocessing = 0;
		};
/* End PBXSourcesBuildPhase section */

/* Begin XCBuildConfiguration section */
		1F94DD6E20695464002024A3 /* Debug */ = {
			isa = XCBuildConfiguration;
			buildSettings = {
				ALWAYS_SEARCH_USER_PATHS = NO;
				CLANG_ANALYZER_NONNULL = YES;
				CLANG_ANALYZER_NUMBER_OBJECT_CONVERSION = YES_AGGRESSIVE;
				CLANG_CXX_LANGUAGE_STANDARD = "gnu++14";
				CLANG_CXX_LIBRARY = "libc++";
				CLANG_ENABLE_MODULES = YES;
				CLANG_ENABLE_OBJC_ARC = YES;
				CLANG_WARN_BLOCK_CAPTURE_AUTORELEASING = YES;
				CLANG_WARN_BOOL_CONVERSION = YES;
				CLANG_WARN_COMMA = YES;
				CLANG_WARN_CONSTANT_CONVERSION = YES;
				CLANG_WARN_DIRECT_OBJC_ISA_USAGE = YES_ERROR;
				CLANG_WARN_DOCUMENTATION_COMMENTS = YES;
				CLANG_WARN_EMPTY_BODY = YES;
				CLANG_WARN_ENUM_CONVERSION = YES;
				CLANG_WARN_INFINITE_RECURSION = YES;
				CLANG_WARN_INT_CONVERSION = YES;
				CLANG_WARN_NON_LITERAL_NULL_CONVERSION = YES;
				CLANG_WARN_OBJC_LITERAL_CONVERSION = YES;
				CLANG_WARN_OBJC_ROOT_CLASS = YES_ERROR;
				CLANG_WARN_RANGE_LOOP_ANALYSIS = YES;
				CLANG_WARN_STRICT_PROTOTYPES = YES;
				CLANG_WARN_SUSPICIOUS_MOVE = YES;
				CLANG_WARN_UNGUARDED_AVAILABILITY = YES_AGGRESSIVE;
				CLANG_WARN_UNREACHABLE_CODE = YES;
				CLANG_WARN__DUPLICATE_METHOD_MATCH = YES;
				CODE_SIGN_IDENTITY = "Mac Developer";
				COPY_PHASE_STRIP = NO;
				DEBUG_INFORMATION_FORMAT = dwarf;
				ENABLE_STRICT_OBJC_MSGSEND = YES;
				ENABLE_TESTABILITY = YES;
				GCC_C_LANGUAGE_STANDARD = gnu11;
				GCC_DYNAMIC_NO_PIC = NO;
				GCC_NO_COMMON_BLOCKS = YES;
				GCC_OPTIMIZATION_LEVEL = 0;
				GCC_PREPROCESSOR_DEFINITIONS = (
					"DEBUG=1",
					"$(inherited)",
				);
				GCC_WARN_64_TO_32_BIT_CONVERSION = YES;
				GCC_WARN_ABOUT_RETURN_TYPE = YES_ERROR;
				GCC_WARN_UNDECLARED_SELECTOR = YES;
				GCC_WARN_UNINITIALIZED_AUTOS = YES_AGGRESSIVE;
				GCC_WARN_UNUSED_FUNCTION = YES;
				GCC_WARN_UNUSED_VARIABLE = YES;
				MACOSX_DEPLOYMENT_TARGET = 10.13;
				MTL_ENABLE_DEBUG_INFO = YES;
				ONLY_ACTIVE_ARCH = YES;
				SDKROOT = macosx;
				SWIFT_ACTIVE_COMPILATION_CONDITIONS = DEBUG;
				SWIFT_OPTIMIZATION_LEVEL = "-Onone";
			};
			name = Debug;
		};
		1F94DD6F20695464002024A3 /* Release */ = {
			isa = XCBuildConfiguration;
			buildSettings = {
				ALWAYS_SEARCH_USER_PATHS = NO;
				CLANG_ANALYZER_NONNULL = YES;
				CLANG_ANALYZER_NUMBER_OBJECT_CONVERSION = YES_AGGRESSIVE;
				CLANG_CXX_LANGUAGE_STANDARD = "gnu++14";
				CLANG_CXX_LIBRARY = "libc++";
				CLANG_ENABLE_MODULES = YES;
				CLANG_ENABLE_OBJC_ARC = YES;
				CLANG_WARN_BLOCK_CAPTURE_AUTORELEASING = YES;
				CLANG_WARN_BOOL_CONVERSION = YES;
				CLANG_WARN_COMMA = YES;
				CLANG_WARN_CONSTANT_CONVERSION = YES;
				CLANG_WARN_DIRECT_OBJC_ISA_USAGE = YES_ERROR;
				CLANG_WARN_DOCUMENTATION_COMMENTS = YES;
				CLANG_WARN_EMPTY_BODY = YES;
				CLANG_WARN_ENUM_CONVERSION = YES;
				CLANG_WARN_INFINITE_RECURSION = YES;
				CLANG_WARN_INT_CONVERSION = YES;
				CLANG_WARN_NON_LITERAL_NULL_CONVERSION = YES;
				CLANG_WARN_OBJC_LITERAL_CONVERSION = YES;
				CLANG_WARN_OBJC_ROOT_CLASS = YES_ERROR;
				CLANG_WARN_RANGE_LOOP_ANALYSIS = YES;
				CLANG_WARN_STRICT_PROTOTYPES = YES;
				CLANG_WARN_SUSPICIOUS_MOVE = YES;
				CLANG_WARN_UNGUARDED_AVAILABILITY = YES_AGGRESSIVE;
				CLANG_WARN_UNREACHABLE_CODE = YES;
				CLANG_WARN__DUPLICATE_METHOD_MATCH = YES;
				CODE_SIGN_IDENTITY = "Mac Developer";
				COPY_PHASE_STRIP = NO;
				DEBUG_INFORMATION_FORMAT = "dwarf-with-dsym";
				ENABLE_NS_ASSERTIONS = NO;
				ENABLE_STRICT_OBJC_MSGSEND = YES;
				GCC_C_LANGUAGE_STANDARD = gnu11;
				GCC_NO_COMMON_BLOCKS = YES;
				GCC_WARN_64_TO_32_BIT_CONVERSION = YES;
				GCC_WARN_ABOUT_RETURN_TYPE = YES_ERROR;
				GCC_WARN_UNDECLARED_SELECTOR = YES;
				GCC_WARN_UNINITIALIZED_AUTOS = YES_AGGRESSIVE;
				GCC_WARN_UNUSED_FUNCTION = YES;
				GCC_WARN_UNUSED_VARIABLE = YES;
				MACOSX_DEPLOYMENT_TARGET = 10.13;
				MTL_ENABLE_DEBUG_INFO = NO;
				SDKROOT = macosx;
				SWIFT_OPTIMIZATION_LEVEL = "-Owholemodule";
			};
			name = Release;
		};
		1F94DD7120695464002024A3 /* Debug */ = {
			isa = XCBuildConfiguration;
			buildSettings = {
				CODE_SIGN_STYLE = Automatic;
				DEVELOPMENT_TEAM = WGHW255BW8;
				PRODUCT_NAME = "$(TARGET_NAME)";
				SWIFT_VERSION = 4.0;
			};
			name = Debug;
		};
		1F94DD7220695464002024A3 /* Release */ = {
			isa = XCBuildConfiguration;
			buildSettings = {
				CODE_SIGN_STYLE = Automatic;
				DEVELOPMENT_TEAM = WGHW255BW8;
				PRODUCT_NAME = "$(TARGET_NAME)";
				SWIFT_VERSION = 4.0;
			};
			name = Release;
		};
/* End XCBuildConfiguration section */

/* Begin XCConfigurationList section */
		1F94DD6420695463002024A3 /* Build configuration list for PBXProject "PatternDesign" */ = {
			isa = XCConfigurationList;
			buildConfigurations = (
				1F94DD6E20695464002024A3 /* Debug */,
				1F94DD6F20695464002024A3 /* Release */,
			);
			defaultConfigurationIsVisible = 0;
			defaultConfigurationName = Release;
		};
		1F94DD7020695464002024A3 /* Build configuration list for PBXNativeTarget "PatternDesign" */ = {
			isa = XCConfigurationList;
			buildConfigurations = (
				1F94DD7120695464002024A3 /* Debug */,
				1F94DD7220695464002024A3 /* Release */,
			);
			defaultConfigurationIsVisible = 0;
			defaultConfigurationName = Release;
		};
/* End XCConfigurationList section */
	};
	rootObject = 1F94DD6120695463002024A3 /* Project object */;
}
